{
  "name": "thought-kit",
  "lockfileVersion": 3,
  "requires": true,
  "packages": {
    "": {
      "dependencies": {
        "@chakra-ui/react": "^3.13.0"
      }
    },
    "node_modules/@ark-ui/react": {
      "version": "4.9.2",
      "resolved": "https://registry.npmjs.org/@ark-ui/react/-/react-4.9.2.tgz",
      "integrity": "sha512-LJnz8nwXgGRszlkU2AiH3yLsAeXiXeQl4JBjMA7d8klZJBiBUp7URwLhBSWmoAIWRH7bW6fSPjhRAEkJLmD8gA==",
      "license": "MIT",
      "dependencies": {
        "@internationalized/date": "3.7.0",
        "@zag-js/accordion": "0.82.2",
        "@zag-js/anatomy": "0.82.2",
        "@zag-js/auto-resize": "0.82.2",
        "@zag-js/avatar": "0.82.2",
        "@zag-js/carousel": "0.82.2",
        "@zag-js/checkbox": "0.82.2",
        "@zag-js/clipboard": "0.82.2",
        "@zag-js/collapsible": "0.82.2",
        "@zag-js/collection": "0.82.2",
        "@zag-js/color-picker": "0.82.2",
        "@zag-js/color-utils": "0.82.2",
        "@zag-js/combobox": "0.82.2",
        "@zag-js/core": "0.82.2",
        "@zag-js/date-picker": "0.82.2",
        "@zag-js/date-utils": "0.82.2",
        "@zag-js/dialog": "0.82.2",
        "@zag-js/dom-query": "0.82.2",
        "@zag-js/editable": "0.82.2",
        "@zag-js/file-upload": "0.82.2",
        "@zag-js/file-utils": "0.82.2",
        "@zag-js/focus-trap": "0.82.2",
        "@zag-js/highlight-word": "0.82.2",
        "@zag-js/hover-card": "0.82.2",
        "@zag-js/i18n-utils": "0.82.2",
        "@zag-js/menu": "0.82.2",
        "@zag-js/number-input": "0.82.2",
        "@zag-js/pagination": "0.82.2",
        "@zag-js/pin-input": "0.82.2",
        "@zag-js/popover": "0.82.2",
        "@zag-js/presence": "0.82.2",
        "@zag-js/progress": "0.82.2",
        "@zag-js/qr-code": "0.82.2",
        "@zag-js/radio-group": "0.82.2",
        "@zag-js/rating-group": "0.82.2",
        "@zag-js/react": "0.82.2",
        "@zag-js/select": "0.82.2",
        "@zag-js/signature-pad": "0.82.2",
        "@zag-js/slider": "0.82.2",
        "@zag-js/splitter": "0.82.2",
        "@zag-js/steps": "0.82.2",
        "@zag-js/switch": "0.82.2",
        "@zag-js/tabs": "0.82.2",
        "@zag-js/tags-input": "0.82.2",
        "@zag-js/time-picker": "0.82.2",
        "@zag-js/timer": "0.82.2",
        "@zag-js/toast": "0.82.2",
        "@zag-js/toggle-group": "0.82.2",
        "@zag-js/tooltip": "0.82.2",
        "@zag-js/tour": "0.82.2",
        "@zag-js/tree-view": "0.82.2",
        "@zag-js/types": "0.82.2"
      },
      "peerDependencies": {
        "react": ">=18.0.0",
        "react-dom": ">=18.0.0"
      }
    },
    "node_modules/@chakra-ui/react": {
      "version": "3.13.0",
      "resolved": "https://registry.npmjs.org/@chakra-ui/react/-/react-3.13.0.tgz",
      "integrity": "sha512-HqFXuVhiQCftQT5+/9F6w0aZufHgvaSr7jJoMP+BUxihF6uaSSW2YHy2eKK4a5SWNLMOnZHYQbUUrC3WSGcYxg==",
      "license": "MIT",
      "dependencies": {
        "@ark-ui/react": "4.9.2",
        "@emotion/is-prop-valid": "1.3.1",
        "@emotion/serialize": "1.3.3",
        "@emotion/use-insertion-effect-with-fallbacks": "1.2.0",
        "@emotion/utils": "1.4.2",
        "@pandacss/is-valid-prop": "0.41.0",
        "csstype": "3.1.3",
        "fast-safe-stringify": "2.1.1"
      },
      "peerDependencies": {
        "@emotion/react": ">=11",
        "react": ">=18",
        "react-dom": ">=18"
      }
    },
    "node_modules/@emotion/hash": {
      "version": "0.9.2",
      "resolved": "https://registry.npmjs.org/@emotion/hash/-/hash-0.9.2.tgz",
      "integrity": "sha512-MyqliTZGuOm3+5ZRSaaBGP3USLw6+EGykkwZns2EPC5g8jJ4z9OrdZY9apkl3+UP9+sdz76YYkwCKP5gh8iY3g==",
      "license": "MIT"
    },
    "node_modules/@emotion/is-prop-valid": {
      "version": "1.3.1",
      "resolved": "https://registry.npmjs.org/@emotion/is-prop-valid/-/is-prop-valid-1.3.1.tgz",
      "integrity": "sha512-/ACwoqx7XQi9knQs/G0qKvv5teDMhD7bXYns9N/wM8ah8iNb8jZ2uNO0YOgiq2o2poIvVtJS2YALasQuMSQ7Kw==",
      "license": "MIT",
      "dependencies": {
        "@emotion/memoize": "^0.9.0"
      }
    },
    "node_modules/@emotion/memoize": {
      "version": "0.9.0",
      "resolved": "https://registry.npmjs.org/@emotion/memoize/-/memoize-0.9.0.tgz",
      "integrity": "sha512-30FAj7/EoJ5mwVPOWhAyCX+FPfMDrVecJAM+Iw9NRoSl4BBAQeqj4cApHHUXOVvIPgLVDsCFoz/hGD+5QQD1GQ==",
      "license": "MIT"
    },
    "node_modules/@emotion/serialize": {
      "version": "1.3.3",
      "resolved": "https://registry.npmjs.org/@emotion/serialize/-/serialize-1.3.3.tgz",
      "integrity": "sha512-EISGqt7sSNWHGI76hC7x1CksiXPahbxEOrC5RjmFRJTqLyEK9/9hZvBbiYn70dw4wuwMKiEMCUlR6ZXTSWQqxA==",
      "license": "MIT",
      "dependencies": {
        "@emotion/hash": "^0.9.2",
        "@emotion/memoize": "^0.9.0",
        "@emotion/unitless": "^0.10.0",
        "@emotion/utils": "^1.4.2",
        "csstype": "^3.0.2"
      }
    },
    "node_modules/@emotion/unitless": {
      "version": "0.10.0",
      "resolved": "https://registry.npmjs.org/@emotion/unitless/-/unitless-0.10.0.tgz",
      "integrity": "sha512-dFoMUuQA20zvtVTuxZww6OHoJYgrzfKM1t52mVySDJnMSEa08ruEvdYQbhvyu6soU+NeLVd3yKfTfT0NeV6qGg==",
      "license": "MIT"
    },
    "node_modules/@emotion/use-insertion-effect-with-fallbacks": {
      "version": "1.2.0",
      "resolved": "https://registry.npmjs.org/@emotion/use-insertion-effect-with-fallbacks/-/use-insertion-effect-with-fallbacks-1.2.0.tgz",
      "integrity": "sha512-yJMtVdH59sxi/aVJBpk9FQq+OR8ll5GT8oWd57UpeaKEVGab41JWaCFA7FRLoMLloOZF/c/wsPoe+bfGmRKgDg==",
      "license": "MIT",
      "peerDependencies": {
        "react": ">=16.8.0"
      }
    },
    "node_modules/@emotion/utils": {
      "version": "1.4.2",
      "resolved": "https://registry.npmjs.org/@emotion/utils/-/utils-1.4.2.tgz",
      "integrity": "sha512-3vLclRofFziIa3J2wDh9jjbkUz9qk5Vi3IZ/FSTKViB0k+ef0fPV7dYrUIugbgupYDx7v9ud/SjrtEP8Y4xLoA==",
      "license": "MIT"
    },
    "node_modules/@floating-ui/core": {
      "version": "1.6.9",
      "resolved": "https://registry.npmjs.org/@floating-ui/core/-/core-1.6.9.tgz",
      "integrity": "sha512-uMXCuQ3BItDUbAMhIXw7UPXRfAlOAvZzdK9BWpE60MCn+Svt3aLn9jsPTi/WNGlRUu2uI0v5S7JiIUsbsvh3fw==",
      "license": "MIT",
      "dependencies": {
        "@floating-ui/utils": "^0.2.9"
      }
    },
    "node_modules/@floating-ui/dom": {
      "version": "1.6.13",
      "resolved": "https://registry.npmjs.org/@floating-ui/dom/-/dom-1.6.13.tgz",
      "integrity": "sha512-umqzocjDgNRGTuO7Q8CU32dkHkECqI8ZdMZ5Swb6QAM0t5rnlrN3lGo1hdpscRd3WS8T6DKYK4ephgIH9iRh3w==",
      "license": "MIT",
      "dependencies": {
        "@floating-ui/core": "^1.6.0",
        "@floating-ui/utils": "^0.2.9"
      }
    },
    "node_modules/@floating-ui/utils": {
      "version": "0.2.9",
      "resolved": "https://registry.npmjs.org/@floating-ui/utils/-/utils-0.2.9.tgz",
      "integrity": "sha512-MDWhGtE+eHw5JW7lq4qhc5yRLS11ERl1c7Z6Xd0a58DozHES6EnNNwUWbMiG4J9Cgj053Bhk8zvlhFYKVhULwg==",
      "license": "MIT"
    },
    "node_modules/@internationalized/date": {
      "version": "3.7.0",
      "resolved": "https://registry.npmjs.org/@internationalized/date/-/date-3.7.0.tgz",
      "integrity": "sha512-VJ5WS3fcVx0bejE/YHfbDKR/yawZgKqn/if+oEeLqNwBtPzVB06olkfcnojTmEMX+gTpH+FlQ69SHNitJ8/erQ==",
      "license": "Apache-2.0",
      "dependencies": {
        "@swc/helpers": "^0.5.0"
      }
    },
    "node_modules/@internationalized/number": {
      "version": "3.6.0",
      "resolved": "https://registry.npmjs.org/@internationalized/number/-/number-3.6.0.tgz",
      "integrity": "sha512-PtrRcJVy7nw++wn4W2OuePQQfTqDzfusSuY1QTtui4wa7r+rGVtR75pO8CyKvHvzyQYi3Q1uO5sY0AsB4e65Bw==",
      "license": "Apache-2.0",
      "dependencies": {
        "@swc/helpers": "^0.5.0"
      }
    },
    "node_modules/@pandacss/is-valid-prop": {
      "version": "0.41.0",
      "resolved": "https://registry.npmjs.org/@pandacss/is-valid-prop/-/is-valid-prop-0.41.0.tgz",
      "integrity": "sha512-BE6h6CsJk14ugIRrsazJtN3fcg+KDFRat1Bs93YFKH6jd4DOb1yUyVvC70jKqPVvg70zEcV8acZ7VdcU5TLu+w=="
    },
    "node_modules/@swc/helpers": {
      "version": "0.5.15",
      "resolved": "https://registry.npmjs.org/@swc/helpers/-/helpers-0.5.15.tgz",
      "integrity": "sha512-JQ5TuMi45Owi4/BIMAJBoSQoOJu12oOk/gADqlcUL9JEdHB8vyjUSsxqeNXnmXHjYKMi2WcYtezGEEhqUI/E2g==",
      "license": "Apache-2.0",
      "dependencies": {
        "tslib": "^2.8.0"
      }
    },
    "node_modules/@zag-js/accordion": {
      "version": "0.82.2",
      "resolved": "https://registry.npmjs.org/@zag-js/accordion/-/accordion-0.82.2.tgz",
      "integrity": "sha512-w8+oFbSEbW0otT6LG1boO5Iy9UP5K+NalLhoD5XxP/FHS6Rp4R4zk3iolOxxtOh6JXHnghXzG7VZbDQN9R8OWw==",
      "license": "MIT",
      "dependencies": {
        "@zag-js/anatomy": "0.82.2",
        "@zag-js/core": "0.82.2",
        "@zag-js/dom-query": "0.82.2",
        "@zag-js/types": "0.82.2",
        "@zag-js/utils": "0.82.2"
      }
    },
    "node_modules/@zag-js/anatomy": {
      "version": "0.82.2",
      "resolved": "https://registry.npmjs.org/@zag-js/anatomy/-/anatomy-0.82.2.tgz",
      "integrity": "sha512-WHGKs5O443T2RSQQvUzYhEV5SNJxO5ysAnHxHdFLWBrMdLjLwLDnvyY7w30kzxeXR9/Z+2yxkgDipxRsC+qC8w==",
      "license": "MIT"
    },
    "node_modules/@zag-js/aria-hidden": {
      "version": "0.82.2",
      "resolved": "https://registry.npmjs.org/@zag-js/aria-hidden/-/aria-hidden-0.82.2.tgz",
      "integrity": "sha512-V+PjbCABKM4yxFnq9M/t3W1hvwLMVe/0Sj9VyOiAAJDICfSDudGzO+5EfJBTJt59z2Gr4r55X+wtH1uBOtTF7w==",
      "license": "MIT"
    },
    "node_modules/@zag-js/auto-resize": {
      "version": "0.82.2",
      "resolved": "https://registry.npmjs.org/@zag-js/auto-resize/-/auto-resize-0.82.2.tgz",
      "integrity": "sha512-93HhdycOkQMzn4g5MRWRgb5QKk03KwIiTkaU1jhx5eAatT/yYFDvrzNbAXQvr0WePcDNPnPrFS5lAY/85p0eew==",
      "license": "MIT",
      "dependencies": {
        "@zag-js/dom-query": "0.82.2"
      }
    },
    "node_modules/@zag-js/avatar": {
      "version": "0.82.2",
      "resolved": "https://registry.npmjs.org/@zag-js/avatar/-/avatar-0.82.2.tgz",
      "integrity": "sha512-rGlZno6S9lm/wWLC12sLj7nyFjUXZ/76hOvpcg5d+e2bmysu+chKz1Z08ecLBVVLWkk4JRq9M3v9Jgji0EgaDQ==",
      "license": "MIT",
      "dependencies": {
        "@zag-js/anatomy": "0.82.2",
        "@zag-js/core": "0.82.2",
        "@zag-js/dom-query": "0.82.2",
        "@zag-js/types": "0.82.2",
        "@zag-js/utils": "0.82.2"
      }
    },
    "node_modules/@zag-js/carousel": {
      "version": "0.82.2",
      "resolved": "https://registry.npmjs.org/@zag-js/carousel/-/carousel-0.82.2.tgz",
      "integrity": "sha512-GMbGnoDFwWS8hDUk2unlg3Selmo6JvnTaI5DKEVmwIgp0MGT8zqUk4eAClsLNiS/JunEeK6tyER7K3b4dhYz8Q==",
      "license": "MIT",
      "dependencies": {
        "@zag-js/anatomy": "0.82.2",
        "@zag-js/core": "0.82.2",
        "@zag-js/dom-query": "0.82.2",
        "@zag-js/scroll-snap": "0.82.2",
        "@zag-js/types": "0.82.2",
        "@zag-js/utils": "0.82.2"
      }
    },
    "node_modules/@zag-js/checkbox": {
      "version": "0.82.2",
      "resolved": "https://registry.npmjs.org/@zag-js/checkbox/-/checkbox-0.82.2.tgz",
      "integrity": "sha512-9gE4P21YsrY+sFJaJOGG84jW64aAxl7M9S+wsmRruKmzNAwri30bOviMV11qZH2isJ44HxPuJ3iezXsLMN+Thg==",
      "license": "MIT",
      "dependencies": {
        "@zag-js/anatomy": "0.82.2",
        "@zag-js/core": "0.82.2",
        "@zag-js/dom-query": "0.82.2",
        "@zag-js/focus-visible": "0.82.2",
        "@zag-js/types": "0.82.2",
        "@zag-js/utils": "0.82.2"
      }
    },
    "node_modules/@zag-js/clipboard": {
      "version": "0.82.2",
      "resolved": "https://registry.npmjs.org/@zag-js/clipboard/-/clipboard-0.82.2.tgz",
      "integrity": "sha512-FU2SEHP0KthhtYJNtKU98Aw21ugHyX3CT3a75C9wJKGp5gSUDQ6FMIUT3K7GSFR8JGBQ7f/VI8AgE9gNiRpmdg==",
      "license": "MIT",
      "dependencies": {
        "@zag-js/anatomy": "0.82.2",
        "@zag-js/core": "0.82.2",
        "@zag-js/dom-query": "0.82.2",
        "@zag-js/types": "0.82.2",
        "@zag-js/utils": "0.82.2"
      }
    },
    "node_modules/@zag-js/collapsible": {
      "version": "0.82.2",
      "resolved": "https://registry.npmjs.org/@zag-js/collapsible/-/collapsible-0.82.2.tgz",
      "integrity": "sha512-SWOy9ANjO8vbkYwX8AvEOntkPOAXiT9b4Cg3YT5QALPEB2UMUk0CzxJXw+ilbDoRMWWus2nqgx2g6D+IAabjLQ==",
      "license": "MIT",
      "dependencies": {
        "@zag-js/anatomy": "0.82.2",
        "@zag-js/core": "0.82.2",
        "@zag-js/dom-query": "0.82.2",
        "@zag-js/types": "0.82.2",
        "@zag-js/utils": "0.82.2"
      }
    },
    "node_modules/@zag-js/collection": {
      "version": "0.82.2",
      "resolved": "https://registry.npmjs.org/@zag-js/collection/-/collection-0.82.2.tgz",
      "integrity": "sha512-moWCnb2F8nfnzYpyLPnCNd10pFSIqrBJrnB4ME0C3QydYIxxwmZsnVLPzTPtnDKGT3uVfL4QX2+nsBoeu1LXrw==",
      "license": "MIT",
      "dependencies": {
        "@zag-js/utils": "0.82.2"
      }
    },
    "node_modules/@zag-js/color-picker": {
      "version": "0.82.2",
      "resolved": "https://registry.npmjs.org/@zag-js/color-picker/-/color-picker-0.82.2.tgz",
      "integrity": "sha512-BRxnToGNyg1HzkWfQquQM8/xg7Jd8HpJeXWQMT9hIh/XqLiz9HRsGN90I6Avv9vYXYJChw1VdSExdfR2HjlqlA==",
      "license": "MIT",
      "dependencies": {
        "@zag-js/anatomy": "0.82.2",
        "@zag-js/color-utils": "0.82.2",
        "@zag-js/core": "0.82.2",
        "@zag-js/dismissable": "0.82.2",
        "@zag-js/dom-query": "0.82.2",
        "@zag-js/popper": "0.82.2",
        "@zag-js/types": "0.82.2",
        "@zag-js/utils": "0.82.2"
      }
    },
    "node_modules/@zag-js/color-utils": {
      "version": "0.82.2",
      "resolved": "https://registry.npmjs.org/@zag-js/color-utils/-/color-utils-0.82.2.tgz",
      "integrity": "sha512-tBVocNpmWWBPOla0NPj5yMKefg36X176BsvhItlls3/4TB4We8Cad5Wi9G4SGm0ClYaUGPtQUK/E7UEUhfUjxA==",
      "license": "MIT",
      "dependencies": {
        "@zag-js/utils": "0.82.2"
      }
    },
    "node_modules/@zag-js/combobox": {
      "version": "0.82.2",
      "resolved": "https://registry.npmjs.org/@zag-js/combobox/-/combobox-0.82.2.tgz",
      "integrity": "sha512-SVLcfJNqY17MqDL4i3QbxyjEDD/t0xUB37QjgsrKzvnq6IviM6FDh6UfsTX6/NHqy28HL0Aty6NIn2NNM7WyjQ==",
      "license": "MIT",
      "dependencies": {
        "@zag-js/anatomy": "0.82.2",
        "@zag-js/aria-hidden": "0.82.2",
        "@zag-js/collection": "0.82.2",
        "@zag-js/core": "0.82.2",
        "@zag-js/dismissable": "0.82.2",
        "@zag-js/dom-query": "0.82.2",
        "@zag-js/popper": "0.82.2",
        "@zag-js/types": "0.82.2",
        "@zag-js/utils": "0.82.2"
      }
    },
    "node_modules/@zag-js/core": {
      "version": "0.82.2",
      "resolved": "https://registry.npmjs.org/@zag-js/core/-/core-0.82.2.tgz",
      "integrity": "sha512-yj4trnU4RzO4duiZJ7uvxECg+6MPVkEbTvTwf2TynotXBYX65LGMTqvMzZP062wvdu0jvTgZ/IbCpN1gc3hmsQ==",
      "license": "MIT",
      "dependencies": {
        "@zag-js/store": "0.82.2",
        "@zag-js/utils": "0.82.2"
      }
    },
    "node_modules/@zag-js/date-picker": {
      "version": "0.82.2",
      "resolved": "https://registry.npmjs.org/@zag-js/date-picker/-/date-picker-0.82.2.tgz",
      "integrity": "sha512-6thJ3ou3u49k4mnnYMecbw0JHvHiaF2nPyToaq/Hsf5grqSijgyZtfkHoDSNFiNN4DKcv1GXErM0N0MiY0dc4A==",
      "license": "MIT",
      "dependencies": {
        "@zag-js/anatomy": "0.82.2",
        "@zag-js/core": "0.82.2",
        "@zag-js/date-utils": "0.82.2",
        "@zag-js/dismissable": "0.82.2",
        "@zag-js/dom-query": "0.82.2",
        "@zag-js/live-region": "0.82.2",
        "@zag-js/popper": "0.82.2",
        "@zag-js/types": "0.82.2",
        "@zag-js/utils": "0.82.2"
      },
      "peerDependencies": {
        "@internationalized/date": ">=3.0.0"
      }
    },
    "node_modules/@zag-js/date-utils": {
      "version": "0.82.2",
      "resolved": "https://registry.npmjs.org/@zag-js/date-utils/-/date-utils-0.82.2.tgz",
      "integrity": "sha512-e2jZ6AFMzwJBNgoOdmATKRH5/Mgr6EqlZmmhI061JzB3uteVOv4x2k5je+g8kWS1IADC5D2OMFQHI/bXSJ5ZFQ==",
      "license": "MIT",
      "peerDependencies": {
        "@internationalized/date": ">=3.0.0"
      }
    },
    "node_modules/@zag-js/dialog": {
      "version": "0.82.2",
      "resolved": "https://registry.npmjs.org/@zag-js/dialog/-/dialog-0.82.2.tgz",
      "integrity": "sha512-p0E6m28HXQMFj+l0MHJcoh326+p/iMocDFOSL1JT3h/U7JLDeW3kNJvpVGK+6vCLngJ/jnAszgQQYhlaz5smJg==",
      "license": "MIT",
      "dependencies": {
        "@zag-js/anatomy": "0.82.2",
        "@zag-js/aria-hidden": "0.82.2",
        "@zag-js/core": "0.82.2",
        "@zag-js/dismissable": "0.82.2",
        "@zag-js/dom-query": "0.82.2",
        "@zag-js/focus-trap": "0.82.2",
        "@zag-js/remove-scroll": "0.82.2",
        "@zag-js/types": "0.82.2",
        "@zag-js/utils": "0.82.2"
      }
    },
    "node_modules/@zag-js/dismissable": {
      "version": "0.82.2",
      "resolved": "https://registry.npmjs.org/@zag-js/dismissable/-/dismissable-0.82.2.tgz",
      "integrity": "sha512-oi2wLiWEll9vhgFgE4FIH9aWPwId8QExO6kcnfeZPSkytnTRetKlyhj5xsOCygElZK994JRkFP3lpGrGCET+kg==",
      "license": "MIT",
      "dependencies": {
        "@zag-js/dom-query": "0.82.2",
        "@zag-js/interact-outside": "0.82.2",
        "@zag-js/utils": "0.82.2"
      }
    },
    "node_modules/@zag-js/dom-query": {
      "version": "0.82.2",
      "resolved": "https://registry.npmjs.org/@zag-js/dom-query/-/dom-query-0.82.2.tgz",
      "integrity": "sha512-4gI1A7Rh9/vZhOuuWzUldP3+2PIiOyR91TBDA0an1VICzHRKBelntlkBR6cZMtjH9gGxhSVxeKN2b060kJ8VQw==",
      "license": "MIT",
      "dependencies": {
        "@zag-js/types": "0.82.2"
      }
    },
    "node_modules/@zag-js/editable": {
      "version": "0.82.2",
      "resolved": "https://registry.npmjs.org/@zag-js/editable/-/editable-0.82.2.tgz",
      "integrity": "sha512-BHheMo+gRo72GCqc8rowtg8yGg7fg39AdiwIrXUQ4PU2oI+jKkxAKamLXFgu19Ne+1keLcGjNAtVWRZkqszjzw==",
      "license": "MIT",
      "dependencies": {
        "@zag-js/anatomy": "0.82.2",
        "@zag-js/core": "0.82.2",
        "@zag-js/dom-query": "0.82.2",
        "@zag-js/interact-outside": "0.82.2",
        "@zag-js/types": "0.82.2",
        "@zag-js/utils": "0.82.2"
      }
    },
    "node_modules/@zag-js/element-rect": {
      "version": "0.82.2",
      "resolved": "https://registry.npmjs.org/@zag-js/element-rect/-/element-rect-0.82.2.tgz",
      "integrity": "sha512-VdHlu9fLWhKxHFL5vCQXgzqEmxhSBgzTOU0SidR3hsGLcO6dgioz86bJ7i8uPFU+uZDHhyv9Q7lBQQoO76Cr7g==",
      "license": "MIT"
    },
    "node_modules/@zag-js/element-size": {
      "version": "0.82.2",
      "resolved": "https://registry.npmjs.org/@zag-js/element-size/-/element-size-0.82.2.tgz",
      "integrity": "sha512-33sCUNJITNAqlNOP+KdMRh8R10s8MPwH+XrxucUBi2R55vWRVs9G3gcA/2uSf1mo/2us74Z4U+/KLnI5FkZycg==",
      "license": "MIT"
    },
    "node_modules/@zag-js/file-upload": {
      "version": "0.82.2",
      "resolved": "https://registry.npmjs.org/@zag-js/file-upload/-/file-upload-0.82.2.tgz",
      "integrity": "sha512-r1618x7BkYLh3qaKQOabD838lwM1ARP4aVbzBb5om1cNUjWgy9wCBU1PCNjsqyFzm/bTmHTXgiWdTz06NFpbTg==",
      "license": "MIT",
      "dependencies": {
        "@zag-js/anatomy": "0.82.2",
        "@zag-js/core": "0.82.2",
        "@zag-js/dom-query": "0.82.2",
        "@zag-js/file-utils": "0.82.2",
        "@zag-js/i18n-utils": "0.82.2",
        "@zag-js/types": "0.82.2",
        "@zag-js/utils": "0.82.2"
      }
    },
    "node_modules/@zag-js/file-utils": {
      "version": "0.82.2",
      "resolved": "https://registry.npmjs.org/@zag-js/file-utils/-/file-utils-0.82.2.tgz",
      "integrity": "sha512-cjmG+HUBXS+hYsgOfdpNOe/xIYPAQ6CyFDGvuqr4wBnhOd9YyCtn7/M+O4VfodVA9rnVQ67RQsbI/eBBZTQ+/A==",
      "license": "MIT",
      "dependencies": {
        "@zag-js/i18n-utils": "0.82.2"
      }
    },
    "node_modules/@zag-js/focus-trap": {
      "version": "0.82.2",
      "resolved": "https://registry.npmjs.org/@zag-js/focus-trap/-/focus-trap-0.82.2.tgz",
      "integrity": "sha512-TZNSAqqoml6avv6puO8afMJ0ttfYQC4BvIuA/Z8yjMVPvXHcUUeVyP5mgwp2tadMWY2TJ4Bv0/xxJJvvbwNNXQ==",
      "license": "MIT",
      "dependencies": {
        "@zag-js/dom-query": "0.82.2"
      }
    },
    "node_modules/@zag-js/focus-visible": {
      "version": "0.82.2",
      "resolved": "https://registry.npmjs.org/@zag-js/focus-visible/-/focus-visible-0.82.2.tgz",
      "integrity": "sha512-fwmNDVHulJ+L6sOFavDhAMYOIZYwo/ivhkPkko2pah6pYYQDwyp4bjsmpofW/VkCgdXgClpcElCC8aoQ83A6Jg==",
      "license": "MIT",
      "dependencies": {
        "@zag-js/dom-query": "0.82.2"
      }
    },
    "node_modules/@zag-js/highlight-word": {
      "version": "0.82.2",
      "resolved": "https://registry.npmjs.org/@zag-js/highlight-word/-/highlight-word-0.82.2.tgz",
      "integrity": "sha512-9sN//8j+TZFTrYIhuSSIJ0rMREVAV8xkJ8250zH///cYfVDuFLCbJp69E613ZfevipemlTQJWP1vTJ1HZGZ5vg==",
      "license": "MIT"
    },
    "node_modules/@zag-js/hover-card": {
      "version": "0.82.2",
      "resolved": "https://registry.npmjs.org/@zag-js/hover-card/-/hover-card-0.82.2.tgz",
      "integrity": "sha512-11xb3BzVxMvhSGEx9k/umq4/gt7wbjKB/TVEn2dYTdZ2NTyAa+PLXkZ60VBPnprEZ3Or3AzuWJw68uaSdqxh0A==",
      "license": "MIT",
      "dependencies": {
        "@zag-js/anatomy": "0.82.2",
        "@zag-js/core": "0.82.2",
        "@zag-js/dismissable": "0.82.2",
        "@zag-js/dom-query": "0.82.2",
        "@zag-js/popper": "0.82.2",
        "@zag-js/types": "0.82.2",
        "@zag-js/utils": "0.82.2"
      }
    },
    "node_modules/@zag-js/i18n-utils": {
      "version": "0.82.2",
      "resolved": "https://registry.npmjs.org/@zag-js/i18n-utils/-/i18n-utils-0.82.2.tgz",
      "integrity": "sha512-ANmNMA7f5Hrhd0ZXVASTV62HRIJut/ioQ6lm/L6PL1+QW+o60j5wJv4HSslQuWWsdyzEpq05u2Sy9ndbcSQ5RA==",
      "license": "MIT",
      "dependencies": {
        "@zag-js/dom-query": "0.82.2"
      }
    },
    "node_modules/@zag-js/interact-outside": {
      "version": "0.82.2",
      "resolved": "https://registry.npmjs.org/@zag-js/interact-outside/-/interact-outside-0.82.2.tgz",
      "integrity": "sha512-9AB7S6NpOr49oSh+nIl+X8wEiKj2YfXtW2Qk/GOTQ0eP9boXK45Y1pqjWvBpDF0rQYofnWPgoldw9B+rZa+lZQ==",
      "license": "MIT",
      "dependencies": {
        "@zag-js/dom-query": "0.82.2",
        "@zag-js/utils": "0.82.2"
      }
    },
    "node_modules/@zag-js/live-region": {
      "version": "0.82.2",
      "resolved": "https://registry.npmjs.org/@zag-js/live-region/-/live-region-0.82.2.tgz",
      "integrity": "sha512-q6j4qggfyUFgpAWBe48cRiaByrJVrOf3x6gHWhK7EsLu45D/0HPkvZjmDgwoRoIISoJVLeT9YquaNsh7rFKFrQ==",
      "license": "MIT"
    },
    "node_modules/@zag-js/menu": {
      "version": "0.82.2",
      "resolved": "https://registry.npmjs.org/@zag-js/menu/-/menu-0.82.2.tgz",
      "integrity": "sha512-vPRLdv9ZcQYgzgtZimXY0LKj7Rs+3EPowc2GEWcMe5ergzhKRlmG/2eRn/mSgESnLmMNx6CaYAYQdNcndd+ksA==",
      "license": "MIT",
      "dependencies": {
        "@zag-js/anatomy": "0.82.2",
        "@zag-js/core": "0.82.2",
        "@zag-js/dismissable": "0.82.2",
        "@zag-js/dom-query": "0.82.2",
        "@zag-js/popper": "0.82.2",
        "@zag-js/rect-utils": "0.82.2",
        "@zag-js/types": "0.82.2",
        "@zag-js/utils": "0.82.2"
      }
    },
    "node_modules/@zag-js/number-input": {
      "version": "0.82.2",
      "resolved": "https://registry.npmjs.org/@zag-js/number-input/-/number-input-0.82.2.tgz",
      "integrity": "sha512-gVJZny2MS3ptOpP5W+DGnY7igOCyO9I+Z+dDWlKiLNvHM8v6GlMtxtiPuV8kL1u7TqL8HEGQENA1NZYSr+rcKQ==",
      "license": "MIT",
      "dependencies": {
        "@internationalized/number": "3.6.0",
        "@zag-js/anatomy": "0.82.2",
        "@zag-js/core": "0.82.2",
        "@zag-js/dom-query": "0.82.2",
        "@zag-js/types": "0.82.2",
        "@zag-js/utils": "0.82.2"
      }
    },
    "node_modules/@zag-js/pagination": {
      "version": "0.82.2",
      "resolved": "https://registry.npmjs.org/@zag-js/pagination/-/pagination-0.82.2.tgz",
      "integrity": "sha512-xPMhYQOb/QoVwQm8TTchameMsrKR6VhZmcCMzjR0KlBIf7WG4Z5H3Rfzw3HXoQaNTipY2k56YH5p4PEirGYvzA==",
      "license": "MIT",
      "dependencies": {
        "@zag-js/anatomy": "0.82.2",
        "@zag-js/core": "0.82.2",
        "@zag-js/dom-query": "0.82.2",
        "@zag-js/types": "0.82.2",
        "@zag-js/utils": "0.82.2"
      }
    },
    "node_modules/@zag-js/pin-input": {
      "version": "0.82.2",
      "resolved": "https://registry.npmjs.org/@zag-js/pin-input/-/pin-input-0.82.2.tgz",
      "integrity": "sha512-8omi7JeA2UXMOeuMdcE2qNk86AfnA19CpY7pQ0GVKuqsxF4zSniC+4SC7uAOUymNtkdv6xVheJF696bRIoChRw==",
      "license": "MIT",
      "dependencies": {
        "@zag-js/anatomy": "0.82.2",
        "@zag-js/core": "0.82.2",
        "@zag-js/dom-query": "0.82.2",
        "@zag-js/types": "0.82.2",
        "@zag-js/utils": "0.82.2"
      }
    },
    "node_modules/@zag-js/popover": {
      "version": "0.82.2",
      "resolved": "https://registry.npmjs.org/@zag-js/popover/-/popover-0.82.2.tgz",
      "integrity": "sha512-OD0hBCasb8gJU97uWE3m8bAL8XqPrIDkQF4mJ0clAC9puusDdKgRS9W5kCQzgzei3JYdZbK81Bnx5X0gOGWKwQ==",
      "license": "MIT",
      "dependencies": {
        "@zag-js/anatomy": "0.82.2",
        "@zag-js/aria-hidden": "0.82.2",
        "@zag-js/core": "0.82.2",
        "@zag-js/dismissable": "0.82.2",
        "@zag-js/dom-query": "0.82.2",
        "@zag-js/focus-trap": "0.82.2",
        "@zag-js/popper": "0.82.2",
        "@zag-js/remove-scroll": "0.82.2",
        "@zag-js/types": "0.82.2",
        "@zag-js/utils": "0.82.2"
      }
    },
    "node_modules/@zag-js/popper": {
      "version": "0.82.2",
      "resolved": "https://registry.npmjs.org/@zag-js/popper/-/popper-0.82.2.tgz",
      "integrity": "sha512-hrc9WtFge+m8zVgrxFxOPpBRvqf4YhWoJSnhPfjruBSJDrvrgBkozjCsazM3618b7bB+jpw4Pzj0H+lSsv4Ygw==",
      "license": "MIT",
      "dependencies": {
        "@floating-ui/dom": "1.6.13",
        "@zag-js/dom-query": "0.82.2",
        "@zag-js/utils": "0.82.2"
      }
    },
    "node_modules/@zag-js/presence": {
      "version": "0.82.2",
      "resolved": "https://registry.npmjs.org/@zag-js/presence/-/presence-0.82.2.tgz",
      "integrity": "sha512-N818BC/PBkdh/yQBECrBONoN9DcYT/PNIblgHic3mG8IIfI49jnAC103gDFbROVJoI/38bk4gwMMOWesZtX/IA==",
      "license": "MIT",
      "dependencies": {
        "@zag-js/core": "0.82.2",
        "@zag-js/types": "0.82.2"
      }
    },
    "node_modules/@zag-js/progress": {
      "version": "0.82.2",
      "resolved": "https://registry.npmjs.org/@zag-js/progress/-/progress-0.82.2.tgz",
      "integrity": "sha512-YxQXBHLUXF8BOG68sZCXkthKrZPebt02cSinafpjYXIOwauSBeMdmd8rAjsrAIFWhonaXcqxCs+jqlZRn18tEA==",
      "license": "MIT",
      "dependencies": {
        "@zag-js/anatomy": "0.82.2",
        "@zag-js/core": "0.82.2",
        "@zag-js/dom-query": "0.82.2",
        "@zag-js/types": "0.82.2",
        "@zag-js/utils": "0.82.2"
      }
    },
    "node_modules/@zag-js/qr-code": {
      "version": "0.82.2",
      "resolved": "https://registry.npmjs.org/@zag-js/qr-code/-/qr-code-0.82.2.tgz",
      "integrity": "sha512-dotI3wXTGArwxKnqaLWrgNfXZGq2oe0Ur3KT8JPxHy9Kv6JWYGkge5AmtiGkwXFQR/ZxnRYE1vF1RNjFG50OKQ==",
      "license": "MIT",
      "dependencies": {
        "@zag-js/anatomy": "0.82.2",
        "@zag-js/core": "0.82.2",
        "@zag-js/dom-query": "0.82.2",
        "@zag-js/types": "0.82.2",
        "@zag-js/utils": "0.82.2",
        "proxy-memoize": "3.0.1",
        "uqr": "0.1.2"
      }
    },
    "node_modules/@zag-js/radio-group": {
      "version": "0.82.2",
      "resolved": "https://registry.npmjs.org/@zag-js/radio-group/-/radio-group-0.82.2.tgz",
      "integrity": "sha512-Peh3zLq8BEmoC9zHrd1n08gLlrlb5VXUpofOdEj9GqtEphLNCf/S3O5jeM6MlYZ9gHe+CkXIpXH16GDBoZVWjw==",
      "license": "MIT",
      "dependencies": {
        "@zag-js/anatomy": "0.82.2",
        "@zag-js/core": "0.82.2",
        "@zag-js/dom-query": "0.82.2",
        "@zag-js/element-rect": "0.82.2",
        "@zag-js/focus-visible": "0.82.2",
        "@zag-js/types": "0.82.2",
        "@zag-js/utils": "0.82.2"
      }
    },
    "node_modules/@zag-js/rating-group": {
      "version": "0.82.2",
      "resolved": "https://registry.npmjs.org/@zag-js/rating-group/-/rating-group-0.82.2.tgz",
      "integrity": "sha512-J2JX9leShV3HbiFqPoKCITaSshpjjt2U9mNakGU09YUlYEtjKwlNPFpYLSkKw2ItA/T9QbYJC58kbF+bAnTL5w==",
      "license": "MIT",
      "dependencies": {
        "@zag-js/anatomy": "0.82.2",
        "@zag-js/core": "0.82.2",
        "@zag-js/dom-query": "0.82.2",
        "@zag-js/types": "0.82.2",
        "@zag-js/utils": "0.82.2"
      }
    },
    "node_modules/@zag-js/react": {
      "version": "0.82.2",
      "resolved": "https://registry.npmjs.org/@zag-js/react/-/react-0.82.2.tgz",
      "integrity": "sha512-lDul3lRZae2ptkOQSfobl5ZQfX6rhcoN5ILLVbGzBJ9hRtNfMTVfKKxXdF2/pg53sMgggK4hZNR3W2P21uC+Wg==",
      "license": "MIT",
      "dependencies": {
        "@zag-js/core": "0.82.2",
        "@zag-js/store": "0.82.2",
        "@zag-js/types": "0.82.2",
        "proxy-compare": "3.0.1"
      },
      "peerDependencies": {
        "react": ">=18.0.0",
        "react-dom": ">=18.0.0"
      }
    },
    "node_modules/@zag-js/rect-utils": {
      "version": "0.82.2",
      "resolved": "https://registry.npmjs.org/@zag-js/rect-utils/-/rect-utils-0.82.2.tgz",
      "integrity": "sha512-cmjxI+90La4Kz4CeGAN7EJ6wFbPEjZArnvU7TeUA+FrgRQvotjFrzI4zZ20BTgnlgMH7ahVNFO2qsVp+kcc2LQ==",
      "license": "MIT"
    },
    "node_modules/@zag-js/remove-scroll": {
      "version": "0.82.2",
      "resolved": "https://registry.npmjs.org/@zag-js/remove-scroll/-/remove-scroll-0.82.2.tgz",
      "integrity": "sha512-v6ELaC9+sC+YoAkFjOBabjsXAoQgQA5secFDWWjzSVROWynH1mKNbBxakGCqEKtF67ZGbkAy+ysAZJoOkDsW4g==",
      "license": "MIT",
      "dependencies": {
        "@zag-js/dom-query": "0.82.2"
      }
    },
    "node_modules/@zag-js/scroll-snap": {
      "version": "0.82.2",
      "resolved": "https://registry.npmjs.org/@zag-js/scroll-snap/-/scroll-snap-0.82.2.tgz",
      "integrity": "sha512-Fl+utIAJr6nwNDnIML2jGIDRiFrDsQS77soGt8rT9Bj5swqdHpzwdTW3yu/VYlnPbvfrsB7SmMt1HzldukdOHQ==",
      "license": "MIT",
      "dependencies": {
        "@zag-js/dom-query": "0.82.2"
      }
    },
    "node_modules/@zag-js/select": {
      "version": "0.82.2",
      "resolved": "https://registry.npmjs.org/@zag-js/select/-/select-0.82.2.tgz",
      "integrity": "sha512-2aiXx/3PKc6vexloHj6GYndAbnPoe5W5mH2VSHM25Obu0XYkn28OLKTDIyHlqcycypVci2j5MnhCEkqQK/JKuw==",
      "license": "MIT",
      "dependencies": {
        "@zag-js/anatomy": "0.82.2",
        "@zag-js/collection": "0.82.2",
        "@zag-js/core": "0.82.2",
        "@zag-js/dismissable": "0.82.2",
        "@zag-js/dom-query": "0.82.2",
        "@zag-js/popper": "0.82.2",
        "@zag-js/types": "0.82.2",
        "@zag-js/utils": "0.82.2"
      }
    },
    "node_modules/@zag-js/signature-pad": {
      "version": "0.82.2",
      "resolved": "https://registry.npmjs.org/@zag-js/signature-pad/-/signature-pad-0.82.2.tgz",
      "integrity": "sha512-o44M7B+cKmmiKmNFEIVTufr59jqvFShLri/EmkS1fY3KMSrnMHWNoa6xbJlVpz4DJMwI8PxapoN+lYxMTYUUEQ==",
      "license": "MIT",
      "dependencies": {
        "@zag-js/anatomy": "0.82.2",
        "@zag-js/core": "0.82.2",
        "@zag-js/dom-query": "0.82.2",
        "@zag-js/types": "0.82.2",
        "@zag-js/utils": "0.82.2",
        "perfect-freehand": "^1.2.2"
      }
    },
    "node_modules/@zag-js/slider": {
      "version": "0.82.2",
      "resolved": "https://registry.npmjs.org/@zag-js/slider/-/slider-0.82.2.tgz",
      "integrity": "sha512-ef059F+zWcYVjX3lxTDgb2KEcYNrLMrvJEFyaVg11wRLtwjRqVrjFxn9W/ZpR6pWnJol2D+BV8b478NmTpRwog==",
      "license": "MIT",
      "dependencies": {
        "@zag-js/anatomy": "0.82.2",
        "@zag-js/core": "0.82.2",
        "@zag-js/dom-query": "0.82.2",
        "@zag-js/element-size": "0.82.2",
        "@zag-js/types": "0.82.2",
        "@zag-js/utils": "0.82.2"
      }
    },
    "node_modules/@zag-js/splitter": {
      "version": "0.82.2",
      "resolved": "https://registry.npmjs.org/@zag-js/splitter/-/splitter-0.82.2.tgz",
      "integrity": "sha512-36KJkdjtogjG0MTXbcf5b8Ienl02KFoKPPx96uOwlWdvbuypwww6z9kAsWQ+CGkpaKXqxZIweO7BCO4seVCwuQ==",
      "license": "MIT",
      "dependencies": {
        "@zag-js/anatomy": "0.82.2",
        "@zag-js/core": "0.82.2",
        "@zag-js/dom-query": "0.82.2",
        "@zag-js/types": "0.82.2",
        "@zag-js/utils": "0.82.2"
      }
    },
    "node_modules/@zag-js/steps": {
      "version": "0.82.2",
      "resolved": "https://registry.npmjs.org/@zag-js/steps/-/steps-0.82.2.tgz",
      "integrity": "sha512-otREJYUKLY+Dku89fCJ5TzkMHxe1Nk4Y5jffyWWOHkf+xy50Ist6jWjGxdIcU2cUwomAJZvPIuz0bq6WjBZ+zg==",
      "license": "MIT",
      "dependencies": {
        "@zag-js/anatomy": "0.82.2",
        "@zag-js/core": "0.82.2",
        "@zag-js/dom-query": "0.82.2",
        "@zag-js/types": "0.82.2",
        "@zag-js/utils": "0.82.2"
      }
    },
    "node_modules/@zag-js/store": {
      "version": "0.82.2",
      "resolved": "https://registry.npmjs.org/@zag-js/store/-/store-0.82.2.tgz",
      "integrity": "sha512-tjG99kSFfnUHWMTe3y+CAqCrH/RGCB2V5y0BoasITYAqTpqbCfPJH0R2+UYsY3kLqPnE+JDkkh1TnwcqKLc0/w==",
      "license": "MIT",
      "dependencies": {
        "proxy-compare": "3.0.1"
      }
    },
    "node_modules/@zag-js/switch": {
      "version": "0.82.2",
      "resolved": "https://registry.npmjs.org/@zag-js/switch/-/switch-0.82.2.tgz",
      "integrity": "sha512-sUZTcHN1+UxtU7cv+kRaz31OVrNdBqR3BC4bqWkjz/ihshAdzHquwKDkOtYiKjIGV9h8CwcuuCksrbwqCJ3apw==",
      "license": "MIT",
      "dependencies": {
        "@zag-js/anatomy": "0.82.2",
        "@zag-js/core": "0.82.2",
        "@zag-js/dom-query": "0.82.2",
        "@zag-js/focus-visible": "0.82.2",
        "@zag-js/types": "0.82.2",
        "@zag-js/utils": "0.82.2"
      }
    },
    "node_modules/@zag-js/tabs": {
      "version": "0.82.2",
      "resolved": "https://registry.npmjs.org/@zag-js/tabs/-/tabs-0.82.2.tgz",
      "integrity": "sha512-8y4eYpu4oZlANehMavGqu4bG5fepgjGuPDZNeNHzwWnbCh1TjoKJ20HvluRRzOgKoErQqD9+WT3V4Khw8Sd62Q==",
      "license": "MIT",
      "dependencies": {
        "@zag-js/anatomy": "0.82.2",
        "@zag-js/core": "0.82.2",
        "@zag-js/dom-query": "0.82.2",
        "@zag-js/element-rect": "0.82.2",
        "@zag-js/types": "0.82.2",
        "@zag-js/utils": "0.82.2"
      }
    },
    "node_modules/@zag-js/tags-input": {
      "version": "0.82.2",
      "resolved": "https://registry.npmjs.org/@zag-js/tags-input/-/tags-input-0.82.2.tgz",
      "integrity": "sha512-L9bXHImBs+F0nlWbM6TeUZFN3ur/vwGGbT0sFw9FtsL/+5XmTQfZ5wert3l/qeUE1RJrohFBxsVvq4hz6UYUCw==",
      "license": "MIT",
      "dependencies": {
        "@zag-js/anatomy": "0.82.2",
        "@zag-js/auto-resize": "0.82.2",
        "@zag-js/core": "0.82.2",
        "@zag-js/dom-query": "0.82.2",
        "@zag-js/interact-outside": "0.82.2",
        "@zag-js/live-region": "0.82.2",
        "@zag-js/types": "0.82.2",
        "@zag-js/utils": "0.82.2"
      }
    },
    "node_modules/@zag-js/time-picker": {
      "version": "0.82.2",
      "resolved": "https://registry.npmjs.org/@zag-js/time-picker/-/time-picker-0.82.2.tgz",
      "integrity": "sha512-NIJUrZMrLH6ciphwsmVsqMGyNEw6qtYlI3F6tlPLhVvnXJDcvc0PaGMe5OBM3yKFluQaVWUIVAR84urdhCBbpg==",
      "license": "MIT",
      "dependencies": {
        "@zag-js/anatomy": "0.82.2",
        "@zag-js/core": "0.82.2",
        "@zag-js/dismissable": "0.82.2",
        "@zag-js/dom-query": "0.82.2",
        "@zag-js/popper": "0.82.2",
        "@zag-js/types": "0.82.2",
        "@zag-js/utils": "0.82.2"
      },
      "peerDependencies": {
        "@internationalized/date": ">=3.0.0"
      }
    },
    "node_modules/@zag-js/timer": {
      "version": "0.82.2",
      "resolved": "https://registry.npmjs.org/@zag-js/timer/-/timer-0.82.2.tgz",
      "integrity": "sha512-lpCgHcSL4FNRb+UwlLu/J70iEr0vb2Dybwu39NkzxRi8LuBJGxrXGlTG8Apn2nldf7HHsSLT6cF7Nr0NohQa+Q==",
      "license": "MIT",
      "dependencies": {
        "@zag-js/anatomy": "0.82.2",
        "@zag-js/core": "0.82.2",
        "@zag-js/dom-query": "0.82.2",
        "@zag-js/types": "0.82.2",
        "@zag-js/utils": "0.82.2"
      }
    },
    "node_modules/@zag-js/toast": {
      "version": "0.82.2",
      "resolved": "https://registry.npmjs.org/@zag-js/toast/-/toast-0.82.2.tgz",
      "integrity": "sha512-jAPzB4hxq90DmsvcuHepqzl/YMTnQQivkA7WG03hq/C5bAoPhpIvLauCTKiVW9SjgGfaTM6wuOQmMQEYiIe/rQ==",
      "license": "MIT",
      "dependencies": {
        "@zag-js/anatomy": "0.82.2",
        "@zag-js/core": "0.82.2",
        "@zag-js/dismissable": "0.82.2",
        "@zag-js/dom-query": "0.82.2",
        "@zag-js/types": "0.82.2",
        "@zag-js/utils": "0.82.2"
      }
    },
    "node_modules/@zag-js/toggle-group": {
      "version": "0.82.2",
      "resolved": "https://registry.npmjs.org/@zag-js/toggle-group/-/toggle-group-0.82.2.tgz",
      "integrity": "sha512-aJKP96iwDw/2Z98VWT40ii6CHTSrrvfsGJ03+dE8Mio6a43wiFKhatGLFIMTcu1EExiBmTAec4uUm4A1Xzbu1w==",
      "license": "MIT",
      "dependencies": {
        "@zag-js/anatomy": "0.82.2",
        "@zag-js/core": "0.82.2",
        "@zag-js/dom-query": "0.82.2",
        "@zag-js/types": "0.82.2",
        "@zag-js/utils": "0.82.2"
      }
    },
    "node_modules/@zag-js/tooltip": {
      "version": "0.82.2",
      "resolved": "https://registry.npmjs.org/@zag-js/tooltip/-/tooltip-0.82.2.tgz",
      "integrity": "sha512-s7kXaBR3Ehu7kPzr9xX7FoWlqQ76eEViqGS1RPDtdDVgD1Hg7bfjZ1nCWDKgIuZF7gP/Iq4iC1i5iTOBIdeIOQ==",
      "license": "MIT",
      "dependencies": {
        "@zag-js/anatomy": "0.82.2",
        "@zag-js/core": "0.82.2",
        "@zag-js/dom-query": "0.82.2",
        "@zag-js/focus-visible": "0.82.2",
        "@zag-js/popper": "0.82.2",
        "@zag-js/types": "0.82.2",
        "@zag-js/utils": "0.82.2"
      }
    },
    "node_modules/@zag-js/tour": {
      "version": "0.82.2",
      "resolved": "https://registry.npmjs.org/@zag-js/tour/-/tour-0.82.2.tgz",
      "integrity": "sha512-oQyVXSJIw7PeXRnHypI+zKp0mHm8oNiVzgcYBIASk/E9JU0U+DGXh8vRdvzsrQlZD+AKT2rjv1v8xvbVUEngSw==",
      "license": "MIT",
      "dependencies": {
        "@zag-js/anatomy": "0.82.2",
        "@zag-js/core": "0.82.2",
        "@zag-js/dismissable": "0.82.2",
        "@zag-js/dom-query": "0.82.2",
        "@zag-js/focus-trap": "0.82.2",
        "@zag-js/interact-outside": "0.82.2",
        "@zag-js/popper": "0.82.2",
        "@zag-js/types": "0.82.2",
        "@zag-js/utils": "0.82.2"
      }
    },
    "node_modules/@zag-js/tree-view": {
      "version": "0.82.2",
      "resolved": "https://registry.npmjs.org/@zag-js/tree-view/-/tree-view-0.82.2.tgz",
      "integrity": "sha512-7+05aXig4mlISMZ+eKJpi3p+9r9u+h0S5Mvsw2o5Dz7XX/BfPTK8GEEDFWwuJKm03wNBuKCQ8+X1pxUisZqXVQ==",
      "license": "MIT",
      "dependencies": {
        "@zag-js/anatomy": "0.82.2",
        "@zag-js/collection": "0.82.2",
        "@zag-js/core": "0.82.2",
        "@zag-js/dom-query": "0.82.2",
        "@zag-js/types": "0.82.2",
        "@zag-js/utils": "0.82.2"
      }
    },
    "node_modules/@zag-js/types": {
      "version": "0.82.2",
      "resolved": "https://registry.npmjs.org/@zag-js/types/-/types-0.82.2.tgz",
      "integrity": "sha512-OUN4QropdK3XZcjtm4n5JVMhbgp78F3pavLDvWCcwW0QwtckJljX6E17N9ViajVti8itKKXCuNRHCMhqLT8jwQ==",
      "license": "MIT",
      "dependencies": {
        "csstype": "3.1.3"
      }
    },
    "node_modules/@zag-js/utils": {
      "version": "0.82.2",
      "resolved": "https://registry.npmjs.org/@zag-js/utils/-/utils-0.82.2.tgz",
      "integrity": "sha512-tN87VEEoo240O2CzQdHvtBVPF8hHqLdpNzDT+obNIQrRj4wbNQ5Ze3Zwrd6/SoBe7ImKgkwbAlgu4k5+v9sDcA==",
      "license": "MIT"
    },
    "node_modules/csstype": {
      "version": "3.1.3",
      "resolved": "https://registry.npmjs.org/csstype/-/csstype-3.1.3.tgz",
      "integrity": "sha512-M1uQkMl8rQK/szD0LNhtqxIPLpimGm8sOBwU7lLnCpSbTyY3yeU1Vc7l4KT5zT4s/yOxHH5O7tIuuLOCnLADRw==",
      "license": "MIT"
    },
    "node_modules/fast-safe-stringify": {
      "version": "2.1.1",
      "resolved": "https://registry.npmjs.org/fast-safe-stringify/-/fast-safe-stringify-2.1.1.tgz",
      "integrity": "sha512-W+KJc2dmILlPplD/H4K9l9LcAHAfPtP6BY84uVLXQ6Evcz9Lcg33Y2z1IVblT6xdY54PXYVHEv+0Wpq8Io6zkA==",
      "license": "MIT"
    },
    "node_modules/perfect-freehand": {
      "version": "1.2.2",
      "resolved": "https://registry.npmjs.org/perfect-freehand/-/perfect-freehand-1.2.2.tgz",
      "integrity": "sha512-eh31l019WICQ03pkF3FSzHxB8n07ItqIQ++G5UV8JX0zVOXzgTGCqnRR0jJ2h9U8/2uW4W4mtGJELt9kEV0CFQ==",
      "license": "MIT"
    },
    "node_modules/proxy-compare": {
      "version": "3.0.1",
      "resolved": "https://registry.npmjs.org/proxy-compare/-/proxy-compare-3.0.1.tgz",
      "integrity": "sha512-V9plBAt3qjMlS1+nC8771KNf6oJ12gExvaxnNzN/9yVRLdTv/lc+oJlnSzrdYDAvBfTStPCoiaCOTmTs0adv7Q==",
      "license": "MIT"
    },
    "node_modules/proxy-memoize": {
      "version": "3.0.1",
      "resolved": "https://registry.npmjs.org/proxy-memoize/-/proxy-memoize-3.0.1.tgz",
      "integrity": "sha512-VDdG/VYtOgdGkWJx7y0o7p+zArSf2383Isci8C+BP3YXgMYDoPd3cCBjw0JdWb6YBb9sFiOPbAADDVTPJnh+9g==",
      "license": "MIT",
      "dependencies": {
        "proxy-compare": "^3.0.0"
      }
    },
    "node_modules/tslib": {
      "version": "2.8.1",
      "resolved": "https://registry.npmjs.org/tslib/-/tslib-2.8.1.tgz",
      "integrity": "sha512-oJFu94HQb+KVduSUQL7wnpmqnfmLsOA/nAh6b6EH0wCEoK0/mPeXU6c3wKDV83MkOuHPRHtSXKKU99IBazS/2w==",
      "license": "0BSD"
    },
    "node_modules/uqr": {
      "version": "0.1.2",
      "resolved": "https://registry.npmjs.org/uqr/-/uqr-0.1.2.tgz",
      "integrity": "sha512-MJu7ypHq6QasgF5YRTjqscSzQp/W11zoUk6kvmlH+fmWEs63Y0Eib13hYFwAzagRJcVY8WVnlV+eBDUGMJ5IbA==",
      "license": "MIT"
    }
  }
}
